
Microsoft Visual Studio Solution File, Format Version 12.00
# Visual Studio Version 16
VisualStudioVersion = 16.6.30114.105
MinimumVisualStudioVersion = 10.0.40219.1
Project("{2150E333-8FDC-42A3-9474-1A3956D46DE8}") = "Products", "Products", "{2632EC0A-2636-48DA-8542-8B017282A13B}"
EndProject
Project("{2150E333-8FDC-42A3-9474-1A3956D46DE8}") = "src", "src", "{E2875DA6-AEB4-4BB1-8285-7CC322D0185E}"
EndProject
Project("{2150E333-8FDC-42A3-9474-1A3956D46DE8}") = "ApiGateway", "ApiGateway", "{DCA5C1A6-085B-48A4-BB78-257A4011DA8E}"
EndProject
Project("{2150E333-8FDC-42A3-9474-1A3956D46DE8}") = "Services", "Services", "{2F58751F-9BF8-474F-B6C0-7547A0B12656}"
EndProject
Project("{2150E333-8FDC-42A3-9474-1A3956D46DE8}") = "WebApp", "WebApp", "{4F8BBED7-D027-40D7-B2A6-3F4C8886C05A}"
EndProject
Project("{2150E333-8FDC-42A3-9474-1A3956D46DE8}") = "Order", "Order", "{52650E5C-DDAE-4766-A8B0-E22C0CA54595}"
EndProject
Project("{2150E333-8FDC-42A3-9474-1A3956D46DE8}") = "Sourcing", "Sourcing", "{F287C7EF-EFB2-4D45-A781-7F099752A424}"
EndProject
Project("{2150E333-8FDC-42A3-9474-1A3956D46DE8}") = "Core", "Core", "{3B66D8CE-48C7-4383-A363-3BA4C7508EB8}"
EndProject
Project("{FAE04EC0-301F-11D3-BF4B-00C04F79EFBC}") = "EShop.Core", "Core\EShop.Core\EShop.Core.csproj", "{BD14592D-8135-44D8-AB49-F60960667368}"
EndProject
Project("{FAE04EC0-301F-11D3-BF4B-00C04F79EFBC}") = "EShop.Order", "Order\EShop.Order\EShop.Order.csproj", "{F95A8395-77DB-473B-8E0B-49CA4BC54F62}"
EndProject
Project("{FAE04EC0-301F-11D3-BF4B-00C04F79EFBC}") = "Ordering.Application", "Order\Ordering.Application\Ordering.Application.csproj", "{BE7CD382-B6DB-49EF-974A-FC11A0989A12}"
EndProject
Project("{FAE04EC0-301F-11D3-BF4B-00C04F79EFBC}") = "Ordering.Domain", "Order\Ordering.Domain\Ordering.Domain.csproj", "{20596CEA-7D93-40E1-8787-D5032809B1DC}"
EndProject
Project("{FAE04EC0-301F-11D3-BF4B-00C04F79EFBC}") = "Ordering.Infrastructure", "Order\Ordering.Infrastructure\Ordering.Infrastructure.csproj", "{2285846B-B245-4D4E-BF94-BCF14FAD9C87}"
EndProject
Project("{FAE04EC0-301F-11D3-BF4B-00C04F79EFBC}") = "EShop.Products", "Products\EShop.Products\EShop.Products.csproj", "{BC9E8C24-4D5E-4E3C-B7C7-DC95D4C5A995}"
EndProject
Project("{FAE04EC0-301F-11D3-BF4B-00C04F79EFBC}") = "EShop.APIGateway", "APIGateway\EShop.APIGateway\EShop.APIGateway.csproj", "{9AC6AB1A-F313-4764-973C-2B8347ADABC0}"
EndProject
Project("{2150E333-8FDC-42A3-9474-1A3956D46DE8}") = "Payment", "Payment", "{F91A42D2-636E-4A80-B06B-16BC98868299}"
EndProject
Project("{FAE04EC0-301F-11D3-BF4B-00C04F79EFBC}") = "EShop.FakePayment", "Payment\EShop.FakePayment\EShop.FakePayment.csproj", "{26241BFA-33B6-4D05-80BF-5CB26B4352BF}"
EndProject
Project("{E53339B2-1760-4266-BCC7-CA923CBCF16C}") = "docker-compose", "docker-compose.dcproj", "{A921570A-6E68-47A3-BD40-0BB5EECD31EC}"
EndProject
Project("{2150E333-8FDC-42A3-9474-1A3956D46DE8}") = "EventBus", "EventBus", "{6E4B3AE7-6C0F-49D9-A3B7-6FEB10DE37AD}"
EndProject
Project("{FAE04EC0-301F-11D3-BF4B-00C04F79EFBC}") = "EShop.EventBus", "EventBus\EShop.EventBus\EShop.EventBus.csproj", "{2EB02A28-8BEA-4613-ADB0-5BF9F32C39D1}"
EndProject
Project("{FAE04EC0-301F-11D3-BF4B-00C04F79EFBC}") = "EShop.EventBusRabbitMQ", "EventBus\EShop.EventBusRabbitMQ\EShop.EventBusRabbitMQ.csproj", "{88D106CA-E98C-49D1-8DED-3F67902778BD}"
EndProject
Global
	GlobalSection(SolutionConfigurationPlatforms) = preSolution
		Debug|Any CPU = Debug|Any CPU
		Debug|x64 = Debug|x64
		Debug|x86 = Debug|x86
		Release|Any CPU = Release|Any CPU
		Release|x64 = Release|x64
		Release|x86 = Release|x86
	EndGlobalSection
	GlobalSection(SolutionProperties) = preSolution
		HideSolutionNode = FALSE
	EndGlobalSection
	GlobalSection(ProjectConfigurationPlatforms) = postSolution
		{BD14592D-8135-44D8-AB49-F60960667368}.Debug|Any CPU.ActiveCfg = Debug|Any CPU
		{BD14592D-8135-44D8-AB49-F60960667368}.Debug|Any CPU.Build.0 = Debug|Any CPU
		{BD14592D-8135-44D8-AB49-F60960667368}.Debug|x64.ActiveCfg = Debug|Any CPU
		{BD14592D-8135-44D8-AB49-F60960667368}.Debug|x64.Build.0 = Debug|Any CPU
		{BD14592D-8135-44D8-AB49-F60960667368}.Debug|x86.ActiveCfg = Debug|Any CPU
		{BD14592D-8135-44D8-AB49-F60960667368}.Debug|x86.Build.0 = Debug|Any CPU
		{BD14592D-8135-44D8-AB49-F60960667368}.Release|Any CPU.ActiveCfg = Release|Any CPU
		{BD14592D-8135-44D8-AB49-F60960667368}.Release|Any CPU.Build.0 = Release|Any CPU
		{BD14592D-8135-44D8-AB49-F60960667368}.Release|x64.ActiveCfg = Release|Any CPU
		{BD14592D-8135-44D8-AB49-F60960667368}.Release|x64.Build.0 = Release|Any CPU
		{BD14592D-8135-44D8-AB49-F60960667368}.Release|x86.ActiveCfg = Release|Any CPU
		{BD14592D-8135-44D8-AB49-F60960667368}.Release|x86.Build.0 = Release|Any CPU
		{F95A8395-77DB-473B-8E0B-49CA4BC54F62}.Debug|Any CPU.ActiveCfg = Debug|Any CPU
		{F95A8395-77DB-473B-8E0B-49CA4BC54F62}.Debug|Any CPU.Build.0 = Debug|Any CPU
		{F95A8395-77DB-473B-8E0B-49CA4BC54F62}.Debug|x64.ActiveCfg = Debug|Any CPU
		{F95A8395-77DB-473B-8E0B-49CA4BC54F62}.Debug|x64.Build.0 = Debug|Any CPU
		{F95A8395-77DB-473B-8E0B-49CA4BC54F62}.Debug|x86.ActiveCfg = Debug|Any CPU
		{F95A8395-77DB-473B-8E0B-49CA4BC54F62}.Debug|x86.Build.0 = Debug|Any CPU
		{F95A8395-77DB-473B-8E0B-49CA4BC54F62}.Release|Any CPU.ActiveCfg = Release|Any CPU
		{F95A8395-77DB-473B-8E0B-49CA4BC54F62}.Release|Any CPU.Build.0 = Release|Any CPU
		{F95A8395-77DB-473B-8E0B-49CA4BC54F62}.Release|x64.ActiveCfg = Release|Any CPU
		{F95A8395-77DB-473B-8E0B-49CA4BC54F62}.Release|x64.Build.0 = Release|Any CPU
		{F95A8395-77DB-473B-8E0B-49CA4BC54F62}.Release|x86.ActiveCfg = Release|Any CPU
		{F95A8395-77DB-473B-8E0B-49CA4BC54F62}.Release|x86.Build.0 = Release|Any CPU
		{BE7CD382-B6DB-49EF-974A-FC11A0989A12}.Debug|Any CPU.ActiveCfg = Debug|Any CPU
		{BE7CD382-B6DB-49EF-974A-FC11A0989A12}.Debug|Any CPU.Build.0 = Debug|Any CPU
		{BE7CD382-B6DB-49EF-974A-FC11A0989A12}.Debug|x64.ActiveCfg = Debug|Any CPU
		{BE7CD382-B6DB-49EF-974A-FC11A0989A12}.Debug|x64.Build.0 = Debug|Any CPU
		{BE7CD382-B6DB-49EF-974A-FC11A0989A12}.Debug|x86.ActiveCfg = Debug|Any CPU
		{BE7CD382-B6DB-49EF-974A-FC11A0989A12}.Debug|x86.Build.0 = Debug|Any CPU
		{BE7CD382-B6DB-49EF-974A-FC11A0989A12}.Release|Any CPU.ActiveCfg = Release|Any CPU
		{BE7CD382-B6DB-49EF-974A-FC11A0989A12}.Release|Any CPU.Build.0 = Release|Any CPU
		{BE7CD382-B6DB-49EF-974A-FC11A0989A12}.Release|x64.ActiveCfg = Release|Any CPU
		{BE7CD382-B6DB-49EF-974A-FC11A0989A12}.Release|x64.Build.0 = Release|Any CPU
		{BE7CD382-B6DB-49EF-974A-FC11A0989A12}.Release|x86.ActiveCfg = Release|Any CPU
		{BE7CD382-B6DB-49EF-974A-FC11A0989A12}.Release|x86.Build.0 = Release|Any CPU
		{20596CEA-7D93-40E1-8787-D5032809B1DC}.Debug|Any CPU.ActiveCfg = Debug|Any CPU
		{20596CEA-7D93-40E1-8787-D5032809B1DC}.Debug|Any CPU.Build.0 = Debug|Any CPU
		{20596CEA-7D93-40E1-8787-D5032809B1DC}.Debug|x64.ActiveCfg = Debug|Any CPU
		{20596CEA-7D93-40E1-8787-D5032809B1DC}.Debug|x64.Build.0 = Debug|Any CPU
		{20596CEA-7D93-40E1-8787-D5032809B1DC}.Debug|x86.ActiveCfg = Debug|Any CPU
		{20596CEA-7D93-40E1-8787-D5032809B1DC}.Debug|x86.Build.0 = Debug|Any CPU
		{20596CEA-7D93-40E1-8787-D5032809B1DC}.Release|Any CPU.ActiveCfg = Release|Any CPU
		{20596CEA-7D93-40E1-8787-D5032809B1DC}.Release|Any CPU.Build.0 = Release|Any CPU
		{20596CEA-7D93-40E1-8787-D5032809B1DC}.Release|x64.ActiveCfg = Release|Any CPU
		{20596CEA-7D93-40E1-8787-D5032809B1DC}.Release|x64.Build.0 = Release|Any CPU
		{20596CEA-7D93-40E1-8787-D5032809B1DC}.Release|x86.ActiveCfg = Release|Any CPU
		{20596CEA-7D93-40E1-8787-D5032809B1DC}.Release|x86.Build.0 = Release|Any CPU
		{2285846B-B245-4D4E-BF94-BCF14FAD9C87}.Debug|Any CPU.ActiveCfg = Debug|Any CPU
		{2285846B-B245-4D4E-BF94-BCF14FAD9C87}.Debug|Any CPU.Build.0 = Debug|Any CPU
		{2285846B-B245-4D4E-BF94-BCF14FAD9C87}.Debug|x64.ActiveCfg = Debug|Any CPU
		{2285846B-B245-4D4E-BF94-BCF14FAD9C87}.Debug|x64.Build.0 = Debug|Any CPU
		{2285846B-B245-4D4E-BF94-BCF14FAD9C87}.Debug|x86.ActiveCfg = Debug|Any CPU
		{2285846B-B245-4D4E-BF94-BCF14FAD9C87}.Debug|x86.Build.0 = Debug|Any CPU
		{2285846B-B245-4D4E-BF94-BCF14FAD9C87}.Release|Any CPU.ActiveCfg = Release|Any CPU
		{2285846B-B245-4D4E-BF94-BCF14FAD9C87}.Release|Any CPU.Build.0 = Release|Any CPU
		{2285846B-B245-4D4E-BF94-BCF14FAD9C87}.Release|x64.ActiveCfg = Release|Any CPU
		{2285846B-B245-4D4E-BF94-BCF14FAD9C87}.Release|x64.Build.0 = Release|Any CPU
		{2285846B-B245-4D4E-BF94-BCF14FAD9C87}.Release|x86.ActiveCfg = Release|Any CPU
		{2285846B-B245-4D4E-BF94-BCF14FAD9C87}.Release|x86.Build.0 = Release|Any CPU
		{BC9E8C24-4D5E-4E3C-B7C7-DC95D4C5A995}.Debug|Any CPU.ActiveCfg = Debug|Any CPU
		{BC9E8C24-4D5E-4E3C-B7C7-DC95D4C5A995}.Debug|Any CPU.Build.0 = Debug|Any CPU
		{BC9E8C24-4D5E-4E3C-B7C7-DC95D4C5A995}.Debug|x64.ActiveCfg = Debug|Any CPU
		{BC9E8C24-4D5E-4E3C-B7C7-DC95D4C5A995}.Debug|x64.Build.0 = Debug|Any CPU
		{BC9E8C24-4D5E-4E3C-B7C7-DC95D4C5A995}.Debug|x86.ActiveCfg = Debug|Any CPU
		{BC9E8C24-4D5E-4E3C-B7C7-DC95D4C5A995}.Debug|x86.Build.0 = Debug|Any CPU
		{BC9E8C24-4D5E-4E3C-B7C7-DC95D4C5A995}.Release|Any CPU.ActiveCfg = Release|Any CPU
		{BC9E8C24-4D5E-4E3C-B7C7-DC95D4C5A995}.Release|Any CPU.Build.0 = Release|Any CPU
		{BC9E8C24-4D5E-4E3C-B7C7-DC95D4C5A995}.Release|x64.ActiveCfg = Release|Any CPU
		{BC9E8C24-4D5E-4E3C-B7C7-DC95D4C5A995}.Release|x64.Build.0 = Release|Any CPU
		{BC9E8C24-4D5E-4E3C-B7C7-DC95D4C5A995}.Release|x86.ActiveCfg = Release|Any CPU
		{BC9E8C24-4D5E-4E3C-B7C7-DC95D4C5A995}.Release|x86.Build.0 = Release|Any CPU
		{9AC6AB1A-F313-4764-973C-2B8347ADABC0}.Debug|Any CPU.ActiveCfg = Debug|Any CPU
		{9AC6AB1A-F313-4764-973C-2B8347ADABC0}.Debug|Any CPU.Build.0 = Debug|Any CPU
		{9AC6AB1A-F313-4764-973C-2B8347ADABC0}.Debug|x64.ActiveCfg = Debug|Any CPU
		{9AC6AB1A-F313-4764-973C-2B8347ADABC0}.Debug|x64.Build.0 = Debug|Any CPU
		{9AC6AB1A-F313-4764-973C-2B8347ADABC0}.Debug|x86.ActiveCfg = Debug|Any CPU
		{9AC6AB1A-F313-4764-973C-2B8347ADABC0}.Debug|x86.Build.0 = Debug|Any CPU
		{9AC6AB1A-F313-4764-973C-2B8347ADABC0}.Release|Any CPU.ActiveCfg = Release|Any CPU
		{9AC6AB1A-F313-4764-973C-2B8347ADABC0}.Release|Any CPU.Build.0 = Release|Any CPU
		{9AC6AB1A-F313-4764-973C-2B8347ADABC0}.Release|x64.ActiveCfg = Release|Any CPU
		{9AC6AB1A-F313-4764-973C-2B8347ADABC0}.Release|x64.Build.0 = Release|Any CPU
		{9AC6AB1A-F313-4764-973C-2B8347ADABC0}.Release|x86.ActiveCfg = Release|Any CPU
		{9AC6AB1A-F313-4764-973C-2B8347ADABC0}.Release|x86.Build.0 = Release|Any CPU
		{26241BFA-33B6-4D05-80BF-5CB26B4352BF}.Debug|Any CPU.ActiveCfg = Debug|Any CPU
		{26241BFA-33B6-4D05-80BF-5CB26B4352BF}.Debug|Any CPU.Build.0 = Debug|Any CPU
		{26241BFA-33B6-4D05-80BF-5CB26B4352BF}.Debug|x64.ActiveCfg = Debug|Any CPU
		{26241BFA-33B6-4D05-80BF-5CB26B4352BF}.Debug|x64.Build.0 = Debug|Any CPU
		{26241BFA-33B6-4D05-80BF-5CB26B4352BF}.Debug|x86.ActiveCfg = Debug|Any CPU
		{26241BFA-33B6-4D05-80BF-5CB26B4352BF}.Debug|x86.Build.0 = Debug|Any CPU
		{26241BFA-33B6-4D05-80BF-5CB26B4352BF}.Release|Any CPU.ActiveCfg = Release|Any CPU
		{26241BFA-33B6-4D05-80BF-5CB26B4352BF}.Release|Any CPU.Build.0 = Release|Any CPU
		{26241BFA-33B6-4D05-80BF-5CB26B4352BF}.Release|x64.ActiveCfg = Release|Any CPU
		{26241BFA-33B6-4D05-80BF-5CB26B4352BF}.Release|x64.Build.0 = Release|Any CPU
		{26241BFA-33B6-4D05-80BF-5CB26B4352BF}.Release|x86.ActiveCfg = Release|Any CPU
		{26241BFA-33B6-4D05-80BF-5CB26B4352BF}.Release|x86.Build.0 = Release|Any CPU
		{A921570A-6E68-47A3-BD40-0BB5EECD31EC}.Debug|Any CPU.ActiveCfg = Debug|Any CPU
		{A921570A-6E68-47A3-BD40-0BB5EECD31EC}.Debug|Any CPU.Build.0 = Debug|Any CPU
		{A921570A-6E68-47A3-BD40-0BB5EECD31EC}.Debug|x64.ActiveCfg = Debug|Any CPU
		{A921570A-6E68-47A3-BD40-0BB5EECD31EC}.Debug|x64.Build.0 = Debug|Any CPU
		{A921570A-6E68-47A3-BD40-0BB5EECD31EC}.Debug|x86.ActiveCfg = Debug|Any CPU
		{A921570A-6E68-47A3-BD40-0BB5EECD31EC}.Debug|x86.Build.0 = Debug|Any CPU
		{A921570A-6E68-47A3-BD40-0BB5EECD31EC}.Release|Any CPU.ActiveCfg = Release|Any CPU
		{A921570A-6E68-47A3-BD40-0BB5EECD31EC}.Release|Any CPU.Build.0 = Release|Any CPU
		{A921570A-6E68-47A3-BD40-0BB5EECD31EC}.Release|x64.ActiveCfg = Release|Any CPU
		{A921570A-6E68-47A3-BD40-0BB5EECD31EC}.Release|x64.Build.0 = Release|Any CPU
		{A921570A-6E68-47A3-BD40-0BB5EECD31EC}.Release|x86.ActiveCfg = Release|Any CPU
		{A921570A-6E68-47A3-BD40-0BB5EECD31EC}.Release|x86.Build.0 = Release|Any CPU
		{2EB02A28-8BEA-4613-ADB0-5BF9F32C39D1}.Debug|Any CPU.ActiveCfg = Debug|Any CPU
		{2EB02A28-8BEA-4613-ADB0-5BF9F32C39D1}.Debug|Any CPU.Build.0 = Debug|Any CPU
		{2EB02A28-8BEA-4613-ADB0-5BF9F32C39D1}.Debug|x64.ActiveCfg = Debug|Any CPU
		{2EB02A28-8BEA-4613-ADB0-5BF9F32C39D1}.Debug|x64.Build.0 = Debug|Any CPU
		{2EB02A28-8BEA-4613-ADB0-5BF9F32C39D1}.Debug|x86.ActiveCfg = Debug|Any CPU
		{2EB02A28-8BEA-4613-ADB0-5BF9F32C39D1}.Debug|x86.Build.0 = Debug|Any CPU
		{2EB02A28-8BEA-4613-ADB0-5BF9F32C39D1}.Release|Any CPU.ActiveCfg = Release|Any CPU
		{2EB02A28-8BEA-4613-ADB0-5BF9F32C39D1}.Release|Any CPU.Build.0 = Release|Any CPU
		{2EB02A28-8BEA-4613-ADB0-5BF9F32C39D1}.Release|x64.ActiveCfg = Release|Any CPU
		{2EB02A28-8BEA-4613-ADB0-5BF9F32C39D1}.Release|x64.Build.0 = Release|Any CPU
		{2EB02A28-8BEA-4613-ADB0-5BF9F32C39D1}.Release|x86.ActiveCfg = Release|Any CPU
		{2EB02A28-8BEA-4613-ADB0-5BF9F32C39D1}.Release|x86.Build.0 = Release|Any CPU
		{88D106CA-E98C-49D1-8DED-3F67902778BD}.Debug|Any CPU.ActiveCfg = Debug|Any CPU
		{88D106CA-E98C-49D1-8DED-3F67902778BD}.Debug|Any CPU.Build.0 = Debug|Any CPU
		{88D106CA-E98C-49D1-8DED-3F67902778BD}.Debug|x64.ActiveCfg = Debug|Any CPU
		{88D106CA-E98C-49D1-8DED-3F67902778BD}.Debug|x64.Build.0 = Debug|Any CPU
		{88D106CA-E98C-49D1-8DED-3F67902778BD}.Debug|x86.ActiveCfg = Debug|Any CPU
		{88D106CA-E98C-49D1-8DED-3F67902778BD}.Debug|x86.Build.0 = Debug|Any CPU
		{88D106CA-E98C-49D1-8DED-3F67902778BD}.Release|Any CPU.ActiveCfg = Release|Any CPU
		{88D106CA-E98C-49D1-8DED-3F67902778BD}.Release|Any CPU.Build.0 = Release|Any CPU
		{88D106CA-E98C-49D1-8DED-3F67902778BD}.Release|x64.ActiveCfg = Release|Any CPU
		{88D106CA-E98C-49D1-8DED-3F67902778BD}.Release|x64.Build.0 = Release|Any CPU
		{88D106CA-E98C-49D1-8DED-3F67902778BD}.Release|x86.ActiveCfg = Release|Any CPU
		{88D106CA-E98C-49D1-8DED-3F67902778BD}.Release|x86.Build.0 = Release|Any CPU
	EndGlobalSection
	GlobalSection(NestedProjects) = preSolution
		{BD14592D-8135-44D8-AB49-F60960667368} = {3B66D8CE-48C7-4383-A363-3BA4C7508EB8}
		{F95A8395-77DB-473B-8E0B-49CA4BC54F62} = {52650E5C-DDAE-4766-A8B0-E22C0CA54595}
		{BE7CD382-B6DB-49EF-974A-FC11A0989A12} = {52650E5C-DDAE-4766-A8B0-E22C0CA54595}
		{20596CEA-7D93-40E1-8787-D5032809B1DC} = {52650E5C-DDAE-4766-A8B0-E22C0CA54595}
		{2285846B-B245-4D4E-BF94-BCF14FAD9C87} = {52650E5C-DDAE-4766-A8B0-E22C0CA54595}
		{BC9E8C24-4D5E-4E3C-B7C7-DC95D4C5A995} = {2632EC0A-2636-48DA-8542-8B017282A13B}
		{DCA5C1A6-085B-48A4-BB78-257A4011DA8E} = {E2875DA6-AEB4-4BB1-8285-7CC322D0185E}
		{3B66D8CE-48C7-4383-A363-3BA4C7508EB8} = {2F58751F-9BF8-474F-B6C0-7547A0B12656}
		{52650E5C-DDAE-4766-A8B0-E22C0CA54595} = {2F58751F-9BF8-474F-B6C0-7547A0B12656}
		{2632EC0A-2636-48DA-8542-8B017282A13B} = {2F58751F-9BF8-474F-B6C0-7547A0B12656}
		{F287C7EF-EFB2-4D45-A781-7F099752A424} = {2F58751F-9BF8-474F-B6C0-7547A0B12656}
		{2F58751F-9BF8-474F-B6C0-7547A0B12656} = {E2875DA6-AEB4-4BB1-8285-7CC322D0185E}
		{4F8BBED7-D027-40D7-B2A6-3F4C8886C05A} = {E2875DA6-AEB4-4BB1-8285-7CC322D0185E}
		{9AC6AB1A-F313-4764-973C-2B8347ADABC0} = {DCA5C1A6-085B-48A4-BB78-257A4011DA8E}
		{F91A42D2-636E-4A80-B06B-16BC98868299} = {2F58751F-9BF8-474F-B6C0-7547A0B12656}
		{26241BFA-33B6-4D05-80BF-5CB26B4352BF} = {F91A42D2-636E-4A80-B06B-16BC98868299}
		{6E4B3AE7-6C0F-49D9-A3B7-6FEB10DE37AD} = {2F58751F-9BF8-474F-B6C0-7547A0B12656}
		{2EB02A28-8BEA-4613-ADB0-5BF9F32C39D1} = {6E4B3AE7-6C0F-49D9-A3B7-6FEB10DE37AD}
		{88D106CA-E98C-49D1-8DED-3F67902778BD} = {6E4B3AE7-6C0F-49D9-A3B7-6FEB10DE37AD}
	EndGlobalSection
EndGlobal
