
Microsoft Visual Studio Solution File, Format Version 12.00
# Visual Studio Version 16
VisualStudioVersion = 16.6.30114.105
MinimumVisualStudioVersion = 10.0.40219.1
Project("{FAE04EC0-301F-11D3-BF4B-00C04F79EFBC}") = "EShop.Products", "EShop.Products\EShop.Products.csproj", "{F7894CE1-3815-4E2E-9BBD-BC7D50684212}"
EndProject
Project("{2150E333-8FDC-42A3-9474-1A3956D46DE8}") = "Products", "Products", "{2632EC0A-2636-48DA-8542-8B017282A13B}"
EndProject
Project("{2150E333-8FDC-42A3-9474-1A3956D46DE8}") = "src", "src", "{E2875DA6-AEB4-4BB1-8285-7CC322D0185E}"
EndProject
Project("{2150E333-8FDC-42A3-9474-1A3956D46DE8}") = "ApiGateway", "ApiGateway", "{DCA5C1A6-085B-48A4-BB78-257A4011DA8E}"
EndProject
Project("{2150E333-8FDC-42A3-9474-1A3956D46DE8}") = "Services", "Services", "{2F58751F-9BF8-474F-B6C0-7547A0B12656}"
EndProject
Project("{2150E333-8FDC-42A3-9474-1A3956D46DE8}") = "WebApp", "WebApp", "{4F8BBED7-D027-40D7-B2A6-3F4C8886C05A}"
EndProject
Project("{2150E333-8FDC-42A3-9474-1A3956D46DE8}") = "Common", "Common", "{CAB51A44-89FF-4394-9C6C-2D01F6B724D2}"
EndProject
Project("{2150E333-8FDC-42A3-9474-1A3956D46DE8}") = "Order", "Order", "{52650E5C-DDAE-4766-A8B0-E22C0CA54595}"
EndProject
Project("{2150E333-8FDC-42A3-9474-1A3956D46DE8}") = "Sourcing", "Sourcing", "{F287C7EF-EFB2-4D45-A781-7F099752A424}"
EndProject
Global
	GlobalSection(SolutionConfigurationPlatforms) = preSolution
		Debug|Any CPU = Debug|Any CPU
		Debug|x64 = Debug|x64
		Debug|x86 = Debug|x86
		Release|Any CPU = Release|Any CPU
		Release|x64 = Release|x64
		Release|x86 = Release|x86
	EndGlobalSection
	GlobalSection(SolutionProperties) = preSolution
		HideSolutionNode = FALSE
	EndGlobalSection
	GlobalSection(ProjectConfigurationPlatforms) = postSolution
		{F7894CE1-3815-4E2E-9BBD-BC7D50684212}.Debug|Any CPU.ActiveCfg = Debug|Any CPU
		{F7894CE1-3815-4E2E-9BBD-BC7D50684212}.Debug|Any CPU.Build.0 = Debug|Any CPU
		{F7894CE1-3815-4E2E-9BBD-BC7D50684212}.Debug|x64.ActiveCfg = Debug|Any CPU
		{F7894CE1-3815-4E2E-9BBD-BC7D50684212}.Debug|x64.Build.0 = Debug|Any CPU
		{F7894CE1-3815-4E2E-9BBD-BC7D50684212}.Debug|x86.ActiveCfg = Debug|Any CPU
		{F7894CE1-3815-4E2E-9BBD-BC7D50684212}.Debug|x86.Build.0 = Debug|Any CPU
		{F7894CE1-3815-4E2E-9BBD-BC7D50684212}.Release|Any CPU.ActiveCfg = Release|Any CPU
		{F7894CE1-3815-4E2E-9BBD-BC7D50684212}.Release|Any CPU.Build.0 = Release|Any CPU
		{F7894CE1-3815-4E2E-9BBD-BC7D50684212}.Release|x64.ActiveCfg = Release|Any CPU
		{F7894CE1-3815-4E2E-9BBD-BC7D50684212}.Release|x64.Build.0 = Release|Any CPU
		{F7894CE1-3815-4E2E-9BBD-BC7D50684212}.Release|x86.ActiveCfg = Release|Any CPU
		{F7894CE1-3815-4E2E-9BBD-BC7D50684212}.Release|x86.Build.0 = Release|Any CPU
	EndGlobalSection
	GlobalSection(NestedProjects) = preSolution
		{F7894CE1-3815-4E2E-9BBD-BC7D50684212} = {2632EC0A-2636-48DA-8542-8B017282A13B}
		{DCA5C1A6-085B-48A4-BB78-257A4011DA8E} = {E2875DA6-AEB4-4BB1-8285-7CC322D0185E}
		{2F58751F-9BF8-474F-B6C0-7547A0B12656} = {E2875DA6-AEB4-4BB1-8285-7CC322D0185E}
		{4F8BBED7-D027-40D7-B2A6-3F4C8886C05A} = {E2875DA6-AEB4-4BB1-8285-7CC322D0185E}
		{2632EC0A-2636-48DA-8542-8B017282A13B} = {2F58751F-9BF8-474F-B6C0-7547A0B12656}
		{CAB51A44-89FF-4394-9C6C-2D01F6B724D2} = {2F58751F-9BF8-474F-B6C0-7547A0B12656}
		{52650E5C-DDAE-4766-A8B0-E22C0CA54595} = {2F58751F-9BF8-474F-B6C0-7547A0B12656}
		{F287C7EF-EFB2-4D45-A781-7F099752A424} = {2F58751F-9BF8-474F-B6C0-7547A0B12656}
	EndGlobalSection
EndGlobal
